
Microsoft Visual Studio Solution File, Format Version 12.00
# Visual Studio Version 17
VisualStudioVersion = 17.5.33516.290
MinimumVisualStudioVersion = 10.0.40219.1
Project("{F184B08F-C81C-45F6-A57F-5ABD9991F28F}") = "WindowsApp1", "WindowsApp1.vbproj", "{DA724E4E-81DA-440E-AA81-572612CDD03C}"
EndProject
Global
	GlobalSection(SolutionConfigurationPlatforms) = preSolution
		Debug|Any CPU = Debug|Any CPU
		Release|Any CPU = Release|Any CPU
	EndGlobalSection
	GlobalSection(ProjectConfigurationPlatforms) = postSolution
		{DA724E4E-81DA-440E-AA81-572612CDD03C}.Debug|Any CPU.ActiveCfg = Debug|Any CPU
		{DA724E4E-81DA-440E-AA81-572612CDD03C}.Debug|Any CPU.Build.0 = Debug|Any CPU
		{DA724E4E-81DA-440E-AA81-572612CDD03C}.Release|Any CPU.ActiveCfg = Release|Any CPU
		{DA724E4E-81DA-440E-AA81-572612CDD03C}.Release|Any CPU.Build.0 = Release|Any CPU
	EndGlobalSection
	GlobalSection(SolutionProperties) = preSolution
		HideSolutionNode = FALSE
	EndGlobalSection
	GlobalSection(ExtensibilityGlobals) = postSolution
		SolutionGuid = {35EE3F1D-57B6-4798-B8AC-E0F448033EA5}
	EndGlobalSection
EndGlobal
