
Microsoft Visual Studio Solution File, Format Version 12.00
# Visual Studio Version 17
VisualStudioVersion = 17.4.33213.308
MinimumVisualStudioVersion = 10.0.40219.1
Project("{F184B08F-C81C-45F6-A57F-5ABD9991F28F}") = "WinFormsApp2", "WinFormsApp2.vbproj", "{DF4CA28E-254F-4720-A71C-51C3D6390739}"
EndProject
Global
	GlobalSection(SolutionConfigurationPlatforms) = preSolution
		Debug|Any CPU = Debug|Any CPU
		Release|Any CPU = Release|Any CPU
	EndGlobalSection
	GlobalSection(ProjectConfigurationPlatforms) = postSolution
		{DF4CA28E-254F-4720-A71C-51C3D6390739}.Debug|Any CPU.ActiveCfg = Debug|Any CPU
		{DF4CA28E-254F-4720-A71C-51C3D6390739}.Debug|Any CPU.Build.0 = Debug|Any CPU
		{DF4CA28E-254F-4720-A71C-51C3D6390739}.Release|Any CPU.ActiveCfg = Release|Any CPU
		{DF4CA28E-254F-4720-A71C-51C3D6390739}.Release|Any CPU.Build.0 = Release|Any CPU
	EndGlobalSection
	GlobalSection(SolutionProperties) = preSolution
		HideSolutionNode = FALSE
	EndGlobalSection
	GlobalSection(ExtensibilityGlobals) = postSolution
		SolutionGuid = {EC5E4263-43B7-4817-883C-9605BB0E8814}
	EndGlobalSection
EndGlobal
