
Microsoft Visual Studio Solution File, Format Version 12.00
# Visual Studio Version 17
VisualStudioVersion = 17.5.33530.505
MinimumVisualStudioVersion = 10.0.40219.1
Project("{F184B08F-C81C-45F6-A57F-5ABD9991F28F}") = "WindowsApp1", "WindowsApp1.vbproj", "{D6866351-2EC0-453D-AFA1-30F61A795AE8}"
EndProject
Global
	GlobalSection(SolutionConfigurationPlatforms) = preSolution
		Debug|Any CPU = Debug|Any CPU
		Release|Any CPU = Release|Any CPU
	EndGlobalSection
	GlobalSection(ProjectConfigurationPlatforms) = postSolution
		{D6866351-2EC0-453D-AFA1-30F61A795AE8}.Debug|Any CPU.ActiveCfg = Debug|Any CPU
		{D6866351-2EC0-453D-AFA1-30F61A795AE8}.Debug|Any CPU.Build.0 = Debug|Any CPU
		{D6866351-2EC0-453D-AFA1-30F61A795AE8}.Release|Any CPU.ActiveCfg = Release|Any CPU
		{D6866351-2EC0-453D-AFA1-30F61A795AE8}.Release|Any CPU.Build.0 = Release|Any CPU
	EndGlobalSection
	GlobalSection(SolutionProperties) = preSolution
		HideSolutionNode = FALSE
	EndGlobalSection
	GlobalSection(ExtensibilityGlobals) = postSolution
		SolutionGuid = {AAE8EE67-25DD-4CDB-ACF1-201CE11F20AE}
	EndGlobalSection
EndGlobal
